
Microsoft Visual Studio Solution File, Format Version 12.00
# Visual Studio Version 16
VisualStudioVersion = 16.0.30621.155
MinimumVisualStudioVersion = 10.0.40219.1
Project("{FAE04EC0-301F-11D3-BF4B-00C04F79EFBC}") = "ProvaGitHub", "ProvaGitHub.csproj", "{BAC3C061-E6F8-4734-8426-35A7A5306FE7}"
EndProject
Global
	GlobalSection(SolutionConfigurationPlatforms) = preSolution
		Debug|Any CPU = Debug|Any CPU
		Release|Any CPU = Release|Any CPU
	EndGlobalSection
	GlobalSection(ProjectConfigurationPlatforms) = postSolution
		{BAC3C061-E6F8-4734-8426-35A7A5306FE7}.Debug|Any CPU.ActiveCfg = Debug|Any CPU
		{BAC3C061-E6F8-4734-8426-35A7A5306FE7}.Debug|Any CPU.Build.0 = Debug|Any CPU
		{BAC3C061-E6F8-4734-8426-35A7A5306FE7}.Release|Any CPU.ActiveCfg = Release|Any CPU
		{BAC3C061-E6F8-4734-8426-35A7A5306FE7}.Release|Any CPU.Build.0 = Release|Any CPU
	EndGlobalSection
	GlobalSection(SolutionProperties) = preSolution
		HideSolutionNode = FALSE
	EndGlobalSection
	GlobalSection(ExtensibilityGlobals) = postSolution
		SolutionGuid = {710A687C-FADD-4A33-91B4-41230391F985}
	EndGlobalSection
EndGlobal
